
Microsoft Visual Studio Solution File, Format Version 12.00
# Visual Studio Version 17
VisualStudioVersion = 17.12.35707.178 d17.12
MinimumVisualStudioVersion = 10.0.40219.1
Project("{FAE04EC0-301F-11D3-BF4B-00C04F79EFBC}") = "1-Marketplace", "1-Marketplace\1-Marketplace.csproj", "{22B41117-E3E5-43A7-9E65-892278C2889B}"
EndProject
Project("{FAE04EC0-301F-11D3-BF4B-00C04F79EFBC}") = "2-LargestNumber", "2-LargestNumber\2-LargestNumber.csproj", "{E52BC192-DAFC-47B4-84ED-2A2092B8355F}"
EndProject
Project("{FAE04EC0-301F-11D3-BF4B-00C04F79EFBC}") = "3-BonusScore", "3-BonusScore\3-BonusScore.csproj", "{783E5ED2-F83E-4C4A-AB56-EF0E461B2E9D}"
EndProject
Project("{FAE04EC0-301F-11D3-BF4B-00C04F79EFBC}") = "4-FoodOrDrink", "4-FoodOrDrink\4-FoodOrDrink.csproj", "{B8E210AF-053F-407D-9CD9-F7465AC7D8B9}"
EndProject
Project("{FAE04EC0-301F-11D3-BF4B-00C04F79EFBC}") = "5-InvalidNumber", "5-InvalidNumber\5-InvalidNumber.csproj", "{F8A927EC-C428-4B3D-903F-5621299A75DD}"
EndProject
Project("{FAE04EC0-301F-11D3-BF4B-00C04F79EFBC}") = "6-DayOfWeekAsNumber", "6-DayOfWeekAsNumber\6-DayOfWeekAsNumber.csproj", "{F88F95F6-2482-4DE6-AD0B-740E9758A589}"
EndProject
Project("{FAE04EC0-301F-11D3-BF4B-00C04F79EFBC}") = "7-VowelOrConsonant", "7-VowelOrConsunant\7-VowelOrConsonant.csproj", "{0C1A8489-9736-4BE1-9309-B30DB70045D8}"
EndProject
Project("{FAE04EC0-301F-11D3-BF4B-00C04F79EFBC}") = "8-SortedNumbers", "8-SortedNumbers\8-SortedNumbers.csproj", "{C91360CF-A135-4857-9479-FC34F76E8D1F}"
EndProject
Project("{FAE04EC0-301F-11D3-BF4B-00C04F79EFBC}") = "9-Cinema", "9-Cinema\9-Cinema.csproj", "{7BEDA15A-16F7-4CCF-85FA-CB5E5365A768}"
EndProject
Global
	GlobalSection(SolutionConfigurationPlatforms) = preSolution
		Debug|Any CPU = Debug|Any CPU
		Release|Any CPU = Release|Any CPU
	EndGlobalSection
	GlobalSection(ProjectConfigurationPlatforms) = postSolution
		{22B41117-E3E5-43A7-9E65-892278C2889B}.Debug|Any CPU.ActiveCfg = Debug|Any CPU
		{22B41117-E3E5-43A7-9E65-892278C2889B}.Debug|Any CPU.Build.0 = Debug|Any CPU
		{22B41117-E3E5-43A7-9E65-892278C2889B}.Release|Any CPU.ActiveCfg = Release|Any CPU
		{22B41117-E3E5-43A7-9E65-892278C2889B}.Release|Any CPU.Build.0 = Release|Any CPU
		{E52BC192-DAFC-47B4-84ED-2A2092B8355F}.Debug|Any CPU.ActiveCfg = Debug|Any CPU
		{E52BC192-DAFC-47B4-84ED-2A2092B8355F}.Debug|Any CPU.Build.0 = Debug|Any CPU
		{E52BC192-DAFC-47B4-84ED-2A2092B8355F}.Release|Any CPU.ActiveCfg = Release|Any CPU
		{E52BC192-DAFC-47B4-84ED-2A2092B8355F}.Release|Any CPU.Build.0 = Release|Any CPU
		{783E5ED2-F83E-4C4A-AB56-EF0E461B2E9D}.Debug|Any CPU.ActiveCfg = Debug|Any CPU
		{783E5ED2-F83E-4C4A-AB56-EF0E461B2E9D}.Debug|Any CPU.Build.0 = Debug|Any CPU
		{783E5ED2-F83E-4C4A-AB56-EF0E461B2E9D}.Release|Any CPU.ActiveCfg = Release|Any CPU
		{783E5ED2-F83E-4C4A-AB56-EF0E461B2E9D}.Release|Any CPU.Build.0 = Release|Any CPU
		{B8E210AF-053F-407D-9CD9-F7465AC7D8B9}.Debug|Any CPU.ActiveCfg = Debug|Any CPU
		{B8E210AF-053F-407D-9CD9-F7465AC7D8B9}.Debug|Any CPU.Build.0 = Debug|Any CPU
		{B8E210AF-053F-407D-9CD9-F7465AC7D8B9}.Release|Any CPU.ActiveCfg = Release|Any CPU
		{B8E210AF-053F-407D-9CD9-F7465AC7D8B9}.Release|Any CPU.Build.0 = Release|Any CPU
		{F8A927EC-C428-4B3D-903F-5621299A75DD}.Debug|Any CPU.ActiveCfg = Debug|Any CPU
		{F8A927EC-C428-4B3D-903F-5621299A75DD}.Debug|Any CPU.Build.0 = Debug|Any CPU
		{F8A927EC-C428-4B3D-903F-5621299A75DD}.Release|Any CPU.ActiveCfg = Release|Any CPU
		{F8A927EC-C428-4B3D-903F-5621299A75DD}.Release|Any CPU.Build.0 = Release|Any CPU
		{F88F95F6-2482-4DE6-AD0B-740E9758A589}.Debug|Any CPU.ActiveCfg = Debug|Any CPU
		{F88F95F6-2482-4DE6-AD0B-740E9758A589}.Debug|Any CPU.Build.0 = Debug|Any CPU
		{F88F95F6-2482-4DE6-AD0B-740E9758A589}.Release|Any CPU.ActiveCfg = Release|Any CPU
		{F88F95F6-2482-4DE6-AD0B-740E9758A589}.Release|Any CPU.Build.0 = Release|Any CPU
		{0C1A8489-9736-4BE1-9309-B30DB70045D8}.Debug|Any CPU.ActiveCfg = Debug|Any CPU
		{0C1A8489-9736-4BE1-9309-B30DB70045D8}.Debug|Any CPU.Build.0 = Debug|Any CPU
		{0C1A8489-9736-4BE1-9309-B30DB70045D8}.Release|Any CPU.ActiveCfg = Release|Any CPU
		{0C1A8489-9736-4BE1-9309-B30DB70045D8}.Release|Any CPU.Build.0 = Release|Any CPU
		{C91360CF-A135-4857-9479-FC34F76E8D1F}.Debug|Any CPU.ActiveCfg = Debug|Any CPU
		{C91360CF-A135-4857-9479-FC34F76E8D1F}.Debug|Any CPU.Build.0 = Debug|Any CPU
		{C91360CF-A135-4857-9479-FC34F76E8D1F}.Release|Any CPU.ActiveCfg = Release|Any CPU
		{C91360CF-A135-4857-9479-FC34F76E8D1F}.Release|Any CPU.Build.0 = Release|Any CPU
		{7BEDA15A-16F7-4CCF-85FA-CB5E5365A768}.Debug|Any CPU.ActiveCfg = Debug|Any CPU
		{7BEDA15A-16F7-4CCF-85FA-CB5E5365A768}.Debug|Any CPU.Build.0 = Debug|Any CPU
		{7BEDA15A-16F7-4CCF-85FA-CB5E5365A768}.Release|Any CPU.ActiveCfg = Release|Any CPU
		{7BEDA15A-16F7-4CCF-85FA-CB5E5365A768}.Release|Any CPU.Build.0 = Release|Any CPU
	EndGlobalSection
	GlobalSection(SolutionProperties) = preSolution
		HideSolutionNode = FALSE
	EndGlobalSection
EndGlobal
